
Microsoft Visual Studio Solution File, Format Version 12.00
# Visual Studio Version 16
VisualStudioVersion = 16.0.33927.289
MinimumVisualStudioVersion = 10.0.40219.1
Project("{2150E333-8FDC-42A3-9474-1A3956D46DE8}") = "Task0", "Task0", "{E723BF52-CF4F-4DAE-958A-CEAD3681BE4C}"
EndProject
Project("{FAE04EC0-301F-11D3-BF4B-00C04F79EFBC}") = "Tyuiu.DanilovAS.Sprint0.Task0.V0", "Tyuiu.DanilovAS.Sprint0.Task0.V0\Tyuiu.DanilovAS.Sprint0.Task0.V0.csproj", "{BF648E20-5515-4019-B038-277BBCC90EB0}"
EndProject
Project("{2150E333-8FDC-42A3-9474-1A3956D46DE8}") = "Task1", "Task1", "{F64B9D85-0E53-493D-8502-36D78A996866}"
EndProject
Project("{FAE04EC0-301F-11D3-BF4B-00C04F79EFBC}") = "Tyuiu.DanilovAS.Sprint0.Task1.V0", "Tyuiu.DanilovAS.Sprint0.Task1.V0\Tyuiu.DanilovAS.Sprint0.Task1.V0.csproj", "{60199A04-AF8F-456A-890F-601D4FA0F78B}"
EndProject
Project("{2150E333-8FDC-42A3-9474-1A3956D46DE8}") = "Task2", "Task2", "{B4B496C1-9AE8-42EC-9320-39AE9D78B695}"
EndProject
Project("{FAE04EC0-301F-11D3-BF4B-00C04F79EFBC}") = "Tyuiu.DanilovAS.Sprint0.Task2.V0", "Tyuiu.DanolovAS.Sprint0.Task2.V0\Tyuiu.DanilovAS.Sprint0.Task2.V0.csproj", "{F9C654A6-DD55-4EE2-982F-D720D963778D}"
EndProject
Project("{FAE04EC0-301F-11D3-BF4B-00C04F79EFBC}") = "Tyuiui.DanilovAS.Sprint0.Task2.V0.Lib", "Tyuiui.DanilovAS.Sprint0.Task2.V0.Lib\Tyuiui.DanilovAS.Sprint0.Task2.V0.Lib.csproj", "{069A6855-D77A-46EC-89BA-C46EBAB8A893}"
EndProject
Project("{FAE04EC0-301F-11D3-BF4B-00C04F79EFBC}") = "Tyuiu.DanilovAS.Sprint0.Task2.V0.Test", "Tyuiu.DanilovAS.Sprint0.Task2.V0.Test\Tyuiu.DanilovAS.Sprint0.Task2.V0.Test.csproj", "{AB03CFE0-FF12-4B6A-ACAA-317815ED11E9}"
EndProject
Project("{2150E333-8FDC-42A3-9474-1A3956D46DE8}") = "Task3", "Task3", "{FEAEE3DD-B0FE-451A-8676-2BB598EF2DE9}"
EndProject
Project("{FAE04EC0-301F-11D3-BF4B-00C04F79EFBC}") = "Tyuiu.DanilovAS.Sprint0.Task3.V0", "Tyuiu.DanilovAS.Sprint0.Task3.V0\Tyuiu.DanilovAS.Sprint0.Task3.V0.csproj", "{2FCCA32C-0BAD-41B4-8B0D-2B70D473072E}"
EndProject
Project("{FAE04EC0-301F-11D3-BF4B-00C04F79EFBC}") = "Tyuiu.DanilovAS.Sprint0.Task3.V0.Lib", "Tyuiu.DanilovAS.Sprint0.Task3.V0.Lib\Tyuiu.DanilovAS.Sprint0.Task3.V0.Lib.csproj", "{FACAD2DE-BEFE-4559-841C-7911D20B2D01}"
EndProject
Project("{FAE04EC0-301F-11D3-BF4B-00C04F79EFBC}") = "Tyuiu.DanilovAS.Sprint0.Task3.V0.Test", "Tyuiu.DanilovAS.Sprint0.Task3.V0.Test\Tyuiu.DanilovAS.Sprint0.Task3.V0.Test.csproj", "{519C3411-E84C-4D53-AEC9-7EE02DA8481A}"
EndProject
Project("{2150E333-8FDC-42A3-9474-1A3956D46DE8}") = "Task4", "Task4", "{536CC14B-F6D7-48B3-8BFA-74B9D6A10673}"
EndProject
Project("{FAE04EC0-301F-11D3-BF4B-00C04F79EFBC}") = "Tyuiu.DanilovAS.Sprint0.Task4.V0", "Tyuiu.DanilovAS.Sprint0.Task4.V0\Tyuiu.DanilovAS.Sprint0.Task4.V0.csproj", "{A592458F-9ABE-4B00-9CAA-73592788EA5B}"
EndProject
Project("{FAE04EC0-301F-11D3-BF4B-00C04F79EFBC}") = "Tyuiu.DanilovAS.Sprint0.Task4.V0.Lib", "Tyuiu.DanilovAS.Sprint0.Task4.V0.Lib\Tyuiu.DanilovAS.Sprint0.Task4.V0.Lib.csproj", "{2E9F38F6-316A-46E1-A4BF-52061F44ACD4}"
EndProject
Project("{FAE04EC0-301F-11D3-BF4B-00C04F79EFBC}") = "Tyuiu.DanilovAS.Sprint0.Task4.V0.Test", "Tyuiu.DanilovAS.Sprint0.Task4.V0.Test\Tyuiu.DanilovAS.Sprint0.Task4.V0.Test.csproj", "{EE9A7C77-CFD6-42F6-B985-2C3C1EB6D516}"
EndProject
Project("{2150E333-8FDC-42A3-9474-1A3956D46DE8}") = "Task5", "Task5", "{E99175FA-1C22-43B5-A13E-21CAA95659B4}"
EndProject
Project("{FAE04EC0-301F-11D3-BF4B-00C04F79EFBC}") = "Tyuiu.DanilovAS.Sprint0.Task5.V0", "Tyuiu.DanilovAS.Sprint0.Task5.V0\Tyuiu.DanilovAS.Sprint0.Task5.V0.csproj", "{17C57814-6614-4168-8D7A-5A4A6C7FA137}"
EndProject
Project("{FAE04EC0-301F-11D3-BF4B-00C04F79EFBC}") = "Tyuiu.DanilovAS.Sprint0.Task5.V0.Lib", "Tyuiu.DanilovAS.Sprint0.Task5.V0.Lib\Tyuiu.DanilovAS.Sprint0.Task5.V0.Lib.csproj", "{7646048D-5308-405E-AAE7-967F4C31D213}"
EndProject
Project("{FAE04EC0-301F-11D3-BF4B-00C04F79EFBC}") = "Tyuiu.DanilovAS.Sprint0.Task5.V0.Test", "Tyuiu.DanilovAS.Sprint0.Task5.V0.Test\Tyuiu.DanilovAS.Sprint0.Task5.V0.Test.csproj", "{D1830B1D-688A-4BD1-8696-4FEF5EF6FC4C}"
EndProject
Project("{2150E333-8FDC-42A3-9474-1A3956D46DE8}") = "Task6", "Task6", "{5AF5DCC8-5155-4F9E-8BA2-1A42AF725074}"
EndProject
Project("{FAE04EC0-301F-11D3-BF4B-00C04F79EFBC}") = "Tyuiu.DanilovAS.Sprint0.Task6.V0", "Tyuiu.DanilovAS.Sprint0.Task6.V0\Tyuiu.DanilovAS.Sprint0.Task6.V0.csproj", "{46BE3ACD-9E43-441B-A07D-FF5D21C1C829}"
EndProject
Project("{FAE04EC0-301F-11D3-BF4B-00C04F79EFBC}") = "Tyuiu.DanilovAS.Sprint0.Task6.V0.Lib", "Tyuiu.DanilovAS.Sprint0.Task6.V0.Lib\Tyuiu.DanilovAS.Sprint0.Task6.V0.Lib.csproj", "{4F5A4446-8D7A-4B98-B59A-6C407CB185D6}"
EndProject
Project("{FAE04EC0-301F-11D3-BF4B-00C04F79EFBC}") = "Tyuiu.DanilovAS.Sprint0.Task6.V0.Test", "Tyuiu.DanilovAS.Sprint0.Task6.V0.Test\Tyuiu.DanilovAS.Sprint0.Task6.V0.Test.csproj", "{62C4EAF7-C3A9-450E-BE27-2C5B67CE994F}"
EndProject
Global
	GlobalSection(SolutionConfigurationPlatforms) = preSolution
		Debug|Any CPU = Debug|Any CPU
		Release|Any CPU = Release|Any CPU
	EndGlobalSection
	GlobalSection(ProjectConfigurationPlatforms) = postSolution
		{BF648E20-5515-4019-B038-277BBCC90EB0}.Debug|Any CPU.ActiveCfg = Debug|Any CPU
		{BF648E20-5515-4019-B038-277BBCC90EB0}.Debug|Any CPU.Build.0 = Debug|Any CPU
		{BF648E20-5515-4019-B038-277BBCC90EB0}.Release|Any CPU.ActiveCfg = Release|Any CPU
		{BF648E20-5515-4019-B038-277BBCC90EB0}.Release|Any CPU.Build.0 = Release|Any CPU
		{60199A04-AF8F-456A-890F-601D4FA0F78B}.Debug|Any CPU.ActiveCfg = Debug|Any CPU
		{60199A04-AF8F-456A-890F-601D4FA0F78B}.Debug|Any CPU.Build.0 = Debug|Any CPU
		{60199A04-AF8F-456A-890F-601D4FA0F78B}.Release|Any CPU.ActiveCfg = Release|Any CPU
		{60199A04-AF8F-456A-890F-601D4FA0F78B}.Release|Any CPU.Build.0 = Release|Any CPU
		{F9C654A6-DD55-4EE2-982F-D720D963778D}.Debug|Any CPU.ActiveCfg = Debug|Any CPU
		{F9C654A6-DD55-4EE2-982F-D720D963778D}.Debug|Any CPU.Build.0 = Debug|Any CPU
		{F9C654A6-DD55-4EE2-982F-D720D963778D}.Release|Any CPU.ActiveCfg = Release|Any CPU
		{F9C654A6-DD55-4EE2-982F-D720D963778D}.Release|Any CPU.Build.0 = Release|Any CPU
		{069A6855-D77A-46EC-89BA-C46EBAB8A893}.Debug|Any CPU.ActiveCfg = Debug|Any CPU
		{069A6855-D77A-46EC-89BA-C46EBAB8A893}.Debug|Any CPU.Build.0 = Debug|Any CPU
		{069A6855-D77A-46EC-89BA-C46EBAB8A893}.Release|Any CPU.ActiveCfg = Release|Any CPU
		{069A6855-D77A-46EC-89BA-C46EBAB8A893}.Release|Any CPU.Build.0 = Release|Any CPU
		{AB03CFE0-FF12-4B6A-ACAA-317815ED11E9}.Debug|Any CPU.ActiveCfg = Debug|Any CPU
		{AB03CFE0-FF12-4B6A-ACAA-317815ED11E9}.Debug|Any CPU.Build.0 = Debug|Any CPU
		{AB03CFE0-FF12-4B6A-ACAA-317815ED11E9}.Release|Any CPU.ActiveCfg = Release|Any CPU
		{AB03CFE0-FF12-4B6A-ACAA-317815ED11E9}.Release|Any CPU.Build.0 = Release|Any CPU
		{2FCCA32C-0BAD-41B4-8B0D-2B70D473072E}.Debug|Any CPU.ActiveCfg = Debug|Any CPU
		{2FCCA32C-0BAD-41B4-8B0D-2B70D473072E}.Debug|Any CPU.Build.0 = Debug|Any CPU
		{2FCCA32C-0BAD-41B4-8B0D-2B70D473072E}.Release|Any CPU.ActiveCfg = Release|Any CPU
		{2FCCA32C-0BAD-41B4-8B0D-2B70D473072E}.Release|Any CPU.Build.0 = Release|Any CPU
		{FACAD2DE-BEFE-4559-841C-7911D20B2D01}.Debug|Any CPU.ActiveCfg = Debug|Any CPU
		{FACAD2DE-BEFE-4559-841C-7911D20B2D01}.Debug|Any CPU.Build.0 = Debug|Any CPU
		{FACAD2DE-BEFE-4559-841C-7911D20B2D01}.Release|Any CPU.ActiveCfg = Release|Any CPU
		{FACAD2DE-BEFE-4559-841C-7911D20B2D01}.Release|Any CPU.Build.0 = Release|Any CPU
		{519C3411-E84C-4D53-AEC9-7EE02DA8481A}.Debug|Any CPU.ActiveCfg = Debug|Any CPU
		{519C3411-E84C-4D53-AEC9-7EE02DA8481A}.Debug|Any CPU.Build.0 = Debug|Any CPU
		{519C3411-E84C-4D53-AEC9-7EE02DA8481A}.Release|Any CPU.ActiveCfg = Release|Any CPU
		{519C3411-E84C-4D53-AEC9-7EE02DA8481A}.Release|Any CPU.Build.0 = Release|Any CPU
		{A592458F-9ABE-4B00-9CAA-73592788EA5B}.Debug|Any CPU.ActiveCfg = Debug|Any CPU
		{A592458F-9ABE-4B00-9CAA-73592788EA5B}.Debug|Any CPU.Build.0 = Debug|Any CPU
		{A592458F-9ABE-4B00-9CAA-73592788EA5B}.Release|Any CPU.ActiveCfg = Release|Any CPU
		{A592458F-9ABE-4B00-9CAA-73592788EA5B}.Release|Any CPU.Build.0 = Release|Any CPU
		{2E9F38F6-316A-46E1-A4BF-52061F44ACD4}.Debug|Any CPU.ActiveCfg = Debug|Any CPU
		{2E9F38F6-316A-46E1-A4BF-52061F44ACD4}.Debug|Any CPU.Build.0 = Debug|Any CPU
		{2E9F38F6-316A-46E1-A4BF-52061F44ACD4}.Release|Any CPU.ActiveCfg = Release|Any CPU
		{2E9F38F6-316A-46E1-A4BF-52061F44ACD4}.Release|Any CPU.Build.0 = Release|Any CPU
		{EE9A7C77-CFD6-42F6-B985-2C3C1EB6D516}.Debug|Any CPU.ActiveCfg = Debug|Any CPU
		{EE9A7C77-CFD6-42F6-B985-2C3C1EB6D516}.Debug|Any CPU.Build.0 = Debug|Any CPU
		{EE9A7C77-CFD6-42F6-B985-2C3C1EB6D516}.Release|Any CPU.ActiveCfg = Release|Any CPU
		{EE9A7C77-CFD6-42F6-B985-2C3C1EB6D516}.Release|Any CPU.Build.0 = Release|Any CPU
		{17C57814-6614-4168-8D7A-5A4A6C7FA137}.Debug|Any CPU.ActiveCfg = Debug|Any CPU
		{17C57814-6614-4168-8D7A-5A4A6C7FA137}.Debug|Any CPU.Build.0 = Debug|Any CPU
		{17C57814-6614-4168-8D7A-5A4A6C7FA137}.Release|Any CPU.ActiveCfg = Release|Any CPU
		{17C57814-6614-4168-8D7A-5A4A6C7FA137}.Release|Any CPU.Build.0 = Release|Any CPU
		{7646048D-5308-405E-AAE7-967F4C31D213}.Debug|Any CPU.ActiveCfg = Debug|Any CPU
		{7646048D-5308-405E-AAE7-967F4C31D213}.Debug|Any CPU.Build.0 = Debug|Any CPU
		{7646048D-5308-405E-AAE7-967F4C31D213}.Release|Any CPU.ActiveCfg = Release|Any CPU
		{7646048D-5308-405E-AAE7-967F4C31D213}.Release|Any CPU.Build.0 = Release|Any CPU
		{D1830B1D-688A-4BD1-8696-4FEF5EF6FC4C}.Debug|Any CPU.ActiveCfg = Debug|Any CPU
		{D1830B1D-688A-4BD1-8696-4FEF5EF6FC4C}.Debug|Any CPU.Build.0 = Debug|Any CPU
		{D1830B1D-688A-4BD1-8696-4FEF5EF6FC4C}.Release|Any CPU.ActiveCfg = Release|Any CPU
		{D1830B1D-688A-4BD1-8696-4FEF5EF6FC4C}.Release|Any CPU.Build.0 = Release|Any CPU
		{46BE3ACD-9E43-441B-A07D-FF5D21C1C829}.Debug|Any CPU.ActiveCfg = Debug|Any CPU
		{46BE3ACD-9E43-441B-A07D-FF5D21C1C829}.Debug|Any CPU.Build.0 = Debug|Any CPU
		{46BE3ACD-9E43-441B-A07D-FF5D21C1C829}.Release|Any CPU.ActiveCfg = Release|Any CPU
		{46BE3ACD-9E43-441B-A07D-FF5D21C1C829}.Release|Any CPU.Build.0 = Release|Any CPU
		{4F5A4446-8D7A-4B98-B59A-6C407CB185D6}.Debug|Any CPU.ActiveCfg = Debug|Any CPU
		{4F5A4446-8D7A-4B98-B59A-6C407CB185D6}.Debug|Any CPU.Build.0 = Debug|Any CPU
		{4F5A4446-8D7A-4B98-B59A-6C407CB185D6}.Release|Any CPU.ActiveCfg = Release|Any CPU
		{4F5A4446-8D7A-4B98-B59A-6C407CB185D6}.Release|Any CPU.Build.0 = Release|Any CPU
		{62C4EAF7-C3A9-450E-BE27-2C5B67CE994F}.Debug|Any CPU.ActiveCfg = Debug|Any CPU
		{62C4EAF7-C3A9-450E-BE27-2C5B67CE994F}.Debug|Any CPU.Build.0 = Debug|Any CPU
		{62C4EAF7-C3A9-450E-BE27-2C5B67CE994F}.Release|Any CPU.ActiveCfg = Release|Any CPU
		{62C4EAF7-C3A9-450E-BE27-2C5B67CE994F}.Release|Any CPU.Build.0 = Release|Any CPU
	EndGlobalSection
	GlobalSection(SolutionProperties) = preSolution
		HideSolutionNode = FALSE
	EndGlobalSection
	GlobalSection(NestedProjects) = preSolution
		{BF648E20-5515-4019-B038-277BBCC90EB0} = {E723BF52-CF4F-4DAE-958A-CEAD3681BE4C}
		{60199A04-AF8F-456A-890F-601D4FA0F78B} = {F64B9D85-0E53-493D-8502-36D78A996866}
		{F9C654A6-DD55-4EE2-982F-D720D963778D} = {B4B496C1-9AE8-42EC-9320-39AE9D78B695}
		{069A6855-D77A-46EC-89BA-C46EBAB8A893} = {B4B496C1-9AE8-42EC-9320-39AE9D78B695}
		{AB03CFE0-FF12-4B6A-ACAA-317815ED11E9} = {B4B496C1-9AE8-42EC-9320-39AE9D78B695}
		{2FCCA32C-0BAD-41B4-8B0D-2B70D473072E} = {FEAEE3DD-B0FE-451A-8676-2BB598EF2DE9}
		{FACAD2DE-BEFE-4559-841C-7911D20B2D01} = {FEAEE3DD-B0FE-451A-8676-2BB598EF2DE9}
		{519C3411-E84C-4D53-AEC9-7EE02DA8481A} = {FEAEE3DD-B0FE-451A-8676-2BB598EF2DE9}
		{A592458F-9ABE-4B00-9CAA-73592788EA5B} = {536CC14B-F6D7-48B3-8BFA-74B9D6A10673}
		{2E9F38F6-316A-46E1-A4BF-52061F44ACD4} = {536CC14B-F6D7-48B3-8BFA-74B9D6A10673}
		{EE9A7C77-CFD6-42F6-B985-2C3C1EB6D516} = {536CC14B-F6D7-48B3-8BFA-74B9D6A10673}
		{17C57814-6614-4168-8D7A-5A4A6C7FA137} = {E99175FA-1C22-43B5-A13E-21CAA95659B4}
		{7646048D-5308-405E-AAE7-967F4C31D213} = {E99175FA-1C22-43B5-A13E-21CAA95659B4}
		{D1830B1D-688A-4BD1-8696-4FEF5EF6FC4C} = {E99175FA-1C22-43B5-A13E-21CAA95659B4}
		{46BE3ACD-9E43-441B-A07D-FF5D21C1C829} = {5AF5DCC8-5155-4F9E-8BA2-1A42AF725074}
		{4F5A4446-8D7A-4B98-B59A-6C407CB185D6} = {5AF5DCC8-5155-4F9E-8BA2-1A42AF725074}
		{62C4EAF7-C3A9-450E-BE27-2C5B67CE994F} = {5AF5DCC8-5155-4F9E-8BA2-1A42AF725074}
	EndGlobalSection
	GlobalSection(ExtensibilityGlobals) = postSolution
		SolutionGuid = {E1943F00-BD04-40F6-A732-4D5FF284D4F1}
	EndGlobalSection
EndGlobal
